<?xml version="1.0" encoding="utf-8"?>
<Project ToolsVersion="4.0" xmlns="http://schemas.microsoft.com/developer/msbuild/2003">
  <ItemGroup>
    <Filter Include="src">
      <UniqueIdentifier>{4FC737F1-C7A5-4376-A066-2A32D752A2FF}</UniqueIdentifier>
      <Extensions>cpp;c;cc;cxx;def;odl;idl;hpj;bat;asm;asmx</Extensions>
    </Filter>
    <Filter Include="include">
      <UniqueIdentifier>{93995380-89BD-4b04-88EB-625FBE52EBFB}</UniqueIdentifier>
      <Extensions>h;hh;hpp;hxx;hm;inl;inc;xsd</Extensions>
    </Filter>
    <Filter Include="resources">
      <UniqueIdentifier>{67DA6AB6-F800-4c08-8B7A-83BB121AAD01}</UniqueIdentifier>
      <Extensions>rc;ico;cur;bmp;dlg;rc2;rct;bin;rgs;gif;jpg;jpeg;jpe;resx;tiff;tif;png;wav;mfcribbon-ms</Extensions>
    </Filter>
  </ItemGroup>
  <ItemGroup>
    <ClInclude Include="..\include\autocorrelation.hpp">
      <Filter>include</Filter>
    </ClInclude>
    <ClInclude Include="..\include\chebyshev_expansion.hpp">
      <Filter>include</Filter>
    </ClInclude>
    <ClInclude Include="..\include\composite_sinusoid.hpp">
      <Filter>include</Filter>
    </ClInclude>
    <ClInclude Include="..\include\csm_amplitude.hpp">
      <Filter>include</Filter>
    </ClInclude>
    <ClInclude Include="..\include\csm_analyzer.hpp">
      <Filter>include</Filter>
    </ClInclude>
    <ClInclude Include="..\include\csm_frame_analyzer.hpp">
      <Filter>include</Filter>
    </ClInclude>
    <ClInclude Include="..\include\csm_frame_data.hpp">
      <Filter>include</Filter>
    </ClInclude>
    <ClInclude Include="..\include\csm_frame_synthesizer.hpp">
      <Filter>include</Filter>
    </ClInclude>
    <ClInclude Include="..\include\hankel_equation.hpp">
      <Filter>include</Filter>
    </ClInclude>
    <ClInclude Include="..\include\polynomial_root.hpp">
      <Filter>include</Filter>
    </ClInclude>
    <ClInclude Include="..\include\window_function.hpp">
      <Filter>include</Filter>
    </ClInclude>
    <ClInclude Include="..\include\vst_controller.hpp">
      <Filter>include</Filter>
    </ClInclude>
    <ClInclude Include="..\include\vst_fuid.hpp">
      <Filter>include</Filter>
    </ClInclude>
    <ClInclude Include="..\include\vst_processor.hpp">
      <Filter>include</Filter>
    </ClInclude>
    <ClInclude Include="..\include\vst_tags.hpp">
      <Filter>include</Filter>
    </ClInclude>
  </ItemGroup>
  <ItemGroup>
    <None Include="vst3.def">
      <Filter>src</Filter>
    </None>
  </ItemGroup>
  <ItemGroup>
    <ClCompile Include="..\src\vst_controller.cpp">
      <Filter>src</Filter>
    </ClCompile>
    <ClCompile Include="..\src\vst_factory.cpp">
      <Filter>src</Filter>
    </ClCompile>
    <ClCompile Include="..\src\vst_processor.cpp">
      <Filter>src</Filter>
    </ClCompile>
  </ItemGroup>
</Project>